// !$*UTF8*$!
{
	archiveVersion = 1;
	classes = {
	};
	objectVersion = 46;
	objects = {

/* Begin PBXBuildFile section */
		1BECA09C1A997AE000F5654B /* AppDelegate.swift in Sources */ = {isa = PBXBuildFile; fileRef = 1BECA09B1A997AE000F5654B /* AppDelegate.swift */; };
		1BECA09E1A997AE000F5654B /* ViewController.swift in Sources */ = {isa = PBXBuildFile; fileRef = 1BECA09D1A997AE000F5654B /* ViewController.swift */; };
		1BECA0A11A997AE000F5654B /* Main.storyboard in Resources */ = {isa = PBXBuildFile; fileRef = 1BECA09F1A997AE000F5654B /* Main.storyboard */; };
		1BECA0A31A997AE000F5654B /* Images.xcassets in Resources */ = {isa = PBXBuildFile; fileRef = 1BECA0A21A997AE000F5654B /* Images.xcassets */; };
		1BECA0A61A997AE000F5654B /* LaunchScreen.xib in Resources */ = {isa = PBXBuildFile; fileRef = 1BECA0A41A997AE000F5654B /* LaunchScreen.xib */; };
		1BECA0B21A997AE000F5654B /* ShoeConverterTests.swift in Sources */ = {isa = PBXBuildFile; fileRef = 1BECA0B11A997AE000F5654B /* ShoeConverterTests.swift */; };
/* End PBXBuildFile section */

/* Begin PBXContainerItemProxy section */
		1BECA0AC1A997AE000F5654B /* PBXContainerItemProxy */ = {
			isa = PBXContainerItemProxy;
			containerPortal = 1BECA08E1A997AE000F5654B /* Project object */;
			proxyType = 1;
			remoteGlobalIDString = 1BECA0951A997AE000F5654B;
			remoteInfo = ShoeConverter;
		};
/* End PBXContainerItemProxy section */

/* Begin PBXFileReference section */
		1BECA0961A997AE000F5654B /* ShoeConverter.app */ = {isa = PBXFileReference; explicitFileType = wrapper.application; includeInIndex = 0; path = ShoeConverter.app; sourceTree = BUILT_PRODUCTS_DIR; };
		1BECA09A1A997AE000F5654B /* Info.plist */ = {isa = PBXFileReference; lastKnownFileType = text.plist.xml; path = Info.plist; sourceTree = "<group>"; };
		1BECA09B1A997AE000F5654B /* AppDelegate.swift */ = {isa = PBXFileReference; lastKnownFileType = sourcecode.swift; path = AppDelegate.swift; sourceTree = "<group>"; };
		1BECA09D1A997AE000F5654B /* ViewController.swift */ = {isa = PBXFileReference; lastKnownFileType = sourcecode.swift; path = ViewController.swift; sourceTree = "<group>"; };
		1BECA0A01A997AE000F5654B /* Base */ = {isa = PBXFileReference; lastKnownFileType = file.storyboard; name = Base; path = Base.lproj/Main.storyboard; sourceTree = "<group>"; };
		1BECA0A21A997AE000F5654B /* Images.xcassets */ = {isa = PBXFileReference; lastKnownFileType = folder.assetcatalog; path = Images.xcassets; sourceTree = "<group>"; };
		1BECA0A51A997AE000F5654B /* Base */ = {isa = PBXFileReference; lastKnownFileType = file.xib; name = Base; path = Base.lproj/LaunchScreen.xib; sourceTree = "<group>"; };
		1BECA0AB1A997AE000F5654B /* ShoeConverterTests.xctest */ = {isa = PBXFileReference; explicitFileType = wrapper.cfbundle; includeInIndex = 0; path = ShoeConverterTests.xctest; sourceTree = BUILT_PRODUCTS_DIR; };
		1BECA0B01A997AE000F5654B /* Info.plist */ = {isa = PBXFileReference; lastKnownFileType = text.plist.xml; path = Info.plist; sourceTree = "<group>"; };
		1BECA0B11A997AE000F5654B /* ShoeConverterTests.swift */ = {isa = PBXFileReference; lastKnownFileType = sourcecode.swift; path = ShoeConverterTests.swift; sourceTree = "<group>"; };
/* End PBXFileReference section */

/* Begin PBXFrameworksBuildPhase section */
		1BECA0931A997AE000F5654B /* Frameworks */ = {
			isa = PBXFrameworksBuildPhase;
			buildActionMask = 2147483647;
			files = (
			);
			runOnlyForDeploymentPostprocessing = 0;
		};
		1BECA0A81A997AE000F5654B /* Frameworks */ = {
			isa = PBXFrameworksBuildPhase;
			buildActionMask = 2147483647;
			files = (
			);
			runOnlyForDeploymentPostprocessing = 0;
		};
/* End PBXFrameworksBuildPhase section */

/* Begin PBXGroup section */
		1BECA08D1A997AE000F5654B = {
			isa = PBXGroup;
			children = (
				1BECA0981A997AE000F5654B /* ShoeConverter */,
				1BECA0AE1A997AE000F5654B /* ShoeConverterTests */,
				1BECA0971A997AE000F5654B /* Products */,
			);
			sourceTree = "<group>";
		};
		1BECA0971A997AE000F5654B /* Products */ = {
			isa = PBXGroup;
			children = (
				1BECA0961A997AE000F5654B /* ShoeConverter.app */,
				1BECA0AB1A997AE000F5654B /* ShoeConverterTests.xctest */,
			);
			name = Products;
			sourceTree = "<group>";
		};
		1BECA0981A997AE000F5654B /* ShoeConverter */ = {
			isa = PBXGroup;
			children = (
				1BECA09B1A997AE000F5654B /* AppDelegate.swift */,
				1BECA09D1A997AE000F5654B /* ViewController.swift */,
				1BECA09F1A997AE000F5654B /* Main.storyboard */,
				1BECA0A21A997AE000F5654B /* Images.xcassets */,
				1BECA0A41A997AE000F5654B /* LaunchScreen.xib */,
				1BECA0991A997AE000F5654B /* Supporting Files */,
			);
			path = ShoeConverter;
			sourceTree = "<group>";
		};
		1BECA0991A997AE000F5654B /* Supporting Files */ = {
			isa = PBXGroup;
			children = (
				1BECA09A1A997AE000F5654B /* Info.plist */,
			);
			name = "Supporting Files";
			sourceTree = "<group>";
		};
		1BECA0AE1A997AE000F5654B /* ShoeConverterTests */ = {
			isa = PBXGroup;
			children = (
				1BECA0B11A997AE000F5654B /* ShoeConverterTests.swift */,
				1BECA0AF1A997AE000F5654B /* Supporting Files */,
			);
			path = ShoeConverterTests;
			sourceTree = "<group>";
		};
		1BECA0AF1A997AE000F5654B /* Supporting Files */ = {
			isa = PBXGroup;
			children = (
				1BECA0B01A997AE000F5654B /* Info.plist */,
			);
			name = "Supporting Files";
			sourceTree = "<group>";
		};
/* End PBXGroup section */

/* Begin PBXNativeTarget section */
		1BECA0951A997AE000F5654B /* ShoeConverter */ = {
			isa = PBXNativeTarget;
			buildConfigurationList = 1BECA0B51A997AE000F5654B /* Build configuration list for PBXNativeTarget "ShoeConverter" */;
			buildPhases = (
				1BECA0921A997AE000F5654B /* Sources */,
				1BECA0931A997AE000F5654B /* Frameworks */,
				1BECA0941A997AE000F5654B /* Resources */,
			);
			buildRules = (
			);
			dependencies = (
			);
			name = ShoeConverter;
			productName = ShoeConverter;
			productReference = 1BECA0961A997AE000F5654B /* ShoeConverter.app */;
			productType = "com.apple.product-type.application";
		};
		1BECA0AA1A997AE000F5654B /* ShoeConverterTests */ = {
			isa = PBXNativeTarget;
			buildConfigurationList = 1BECA0B81A997AE000F5654B /* Build configuration list for PBXNativeTarget "ShoeConverterTests" */;
			buildPhases = (
				1BECA0A71A997AE000F5654B /* Sources */,
				1BECA0A81A997AE000F5654B /* Frameworks */,
				1BECA0A91A997AE000F5654B /* Resources */,
			);
			buildRules = (
			);
			dependencies = (
				1BECA0AD1A997AE000F5654B /* PBXTargetDependency */,
			);
			name = ShoeConverterTests;
			productName = ShoeConverterTests;
			productReference = 1BECA0AB1A997AE000F5654B /* ShoeConverterTests.xctest */;
			productType = "com.apple.product-type.bundle.unit-test";
		};
/* End PBXNativeTarget section */

/* Begin PBXProject section */
		1BECA08E1A997AE000F5654B /* Project object */ = {
			isa = PBXProject;
			attributes = {
				LastUpgradeCheck = 0610;
				ORGANIZATIONNAME = "Phat Trang";
				TargetAttributes = {
					1BECA0951A997AE000F5654B = {
						CreatedOnToolsVersion = 6.1.1;
					};
					1BECA0AA1A997AE000F5654B = {
						CreatedOnToolsVersion = 6.1.1;
						TestTargetID = 1BECA0951A997AE000F5654B;
					};
				};
			};
			buildConfigurationList = 1BECA0911A997AE000F5654B /* Build configuration list for PBXProject "ShoeConverter" */;
			compatibilityVersion = "Xcode 3.2";
			developmentRegion = English;
			hasScannedForEncodings = 0;
			knownRegions = (
				en,
				Base,
			);
			mainGroup = 1BECA08D1A997AE000F5654B;
			productRefGroup = 1BECA0971A997AE000F5654B /* Products */;
			projectDirPath = "";
			projectRoot = "";
			targets = (
				1BECA0951A997AE000F5654B /* ShoeConverter */,
				1BECA0AA1A997AE000F5654B /* ShoeConverterTests */,
			);
		};
/* End PBXProject section */

/* Begin PBXResourcesBuildPhase section */
		1BECA0941A997AE000F5654B /* Resources */ = {
			isa = PBXResourcesBuildPhase;
			buildActionMask = 2147483647;
			files = (
				1BECA0A11A997AE000F5654B /* Main.storyboard in Resources */,
				1BECA0A61A997AE000F5654B /* LaunchScreen.xib in Resources */,
				1BECA0A31A997AE000F5654B /* Images.xcassets in Resources */,
			);
			runOnlyForDeploymentPostprocessing = 0;
		};
		1BECA0A91A997AE000F5654B /* Resources */ = {
			isa = PBXResourcesBuildPhase;
			buildActionMask = 2147483647;
			files = (
			);
			runOnlyForDeploymentPostprocessing = 0;
		};
/* End PBXResourcesBuildPhase section */

/* Begin PBXSourcesBuildPhase section */
		1BECA0921A997AE000F5654B /* Sources */ = {
			isa = PBXSourcesBuildPhase;
			buildActionMask = 2147483647;
			files = (
				1BECA09E1A997AE000F5654B /* ViewController.swift in Sources */,
				1BECA09C1A997AE000F5654B /* AppDelegate.swift in Sources */,
			);
			runOnlyForDeploymentPostprocessing = 0;
		};
		1BECA0A71A997AE000F5654B /* Sources */ = {
			isa = PBXSourcesBuildPhase;
			buildActionMask = 2147483647;
			files = (
				1BECA0B21A997AE000F5654B /* ShoeConverterTests.swift in Sources */,
			);
			runOnlyForDeploymentPostprocessing = 0;
		};
/* End PBXSourcesBuildPhase section */

/* Begin PBXTargetDependency section */
		1BECA0AD1A997AE000F5654B /* PBXTargetDependency */ = {
			isa = PBXTargetDependency;
			target = 1BECA0951A997AE000F5654B /* ShoeConverter */;
			targetProxy = 1BECA0AC1A997AE000F5654B /* PBXContainerItemProxy */;
		};
/* End PBXTargetDependency section */

/* Begin PBXVariantGroup section */
		1BECA09F1A997AE000F5654B /* Main.storyboard */ = {
			isa = PBXVariantGroup;
			children = (
				1BECA0A01A997AE000F5654B /* Base */,
			);
			name = Main.storyboard;
			sourceTree = "<group>";
		};
		1BECA0A41A997AE000F5654B /* LaunchScreen.xib */ = {
			isa = PBXVariantGroup;
			children = (
				1BECA0A51A997AE000F5654B /* Base */,
			);
			name = LaunchScreen.xib;
			sourceTree = "<group>";
		};
/* End PBXVariantGroup section */

/* Begin XCBuildConfiguration section */
		1BECA0B31A997AE000F5654B /* Debug */ = {
			isa = XCBuildConfiguration;
			buildSettings = {
				ALWAYS_SEARCH_USER_PATHS = NO;
				CLANG_CXX_LANGUAGE_STANDARD = "gnu++0x";
				CLANG_CXX_LIBRARY = "libc++";
				CLANG_ENABLE_MODULES = YES;
				CLANG_ENABLE_OBJC_ARC = YES;
				CLANG_WARN_BOOL_CONVERSION = YES;
				CLANG_WARN_CONSTANT_CONVERSION = YES;
				CLANG_WARN_DIRECT_OBJC_ISA_USAGE = YES_ERROR;
				CLANG_WARN_EMPTY_BODY = YES;
				CLANG_WARN_ENUM_CONVERSION = YES;
				CLANG_WARN_INT_CONVERSION = YES;
				CLANG_WARN_OBJC_ROOT_CLASS = YES_ERROR;
				CLANG_WARN_UNREACHABLE_CODE = YES;
				CLANG_WARN__DUPLICATE_METHOD_MATCH = YES;
				"CODE_SIGN_IDENTITY[sdk=iphoneos*]" = "iPhone Developer";
				COPY_PHASE_STRIP = NO;
				ENABLE_STRICT_OBJC_MSGSEND = YES;
				GCC_C_LANGUAGE_STANDARD = gnu99;
				GCC_DYNAMIC_NO_PIC = NO;
				GCC_OPTIMIZATION_LEVEL = 0;
				GCC_PREPROCESSOR_DEFINITIONS = (
					"DEBUG=1",
					"$(inherited)",
				);
				GCC_SYMBOLS_PRIVATE_EXTERN = NO;
				GCC_WARN_64_TO_32_BIT_CONVERSION = YES;
				GCC_WARN_ABOUT_RETURN_TYPE = YES_ERROR;
				GCC_WARN_UNDECLARED_SELECTOR = YES;
				GCC_WARN_UNINITIALIZED_AUTOS = YES_AGGRESSIVE;
				GCC_WARN_UNUSED_FUNCTION = YES;
				GCC_WARN_UNUSED_VARIABLE = YES;
				IPHONEOS_DEPLOYMENT_TARGET = 8.1;
				MTL_ENABLE_DEBUG_INFO = YES;
				ONLY_ACTIVE_ARCH = YES;
				SDKROOT = iphoneos;
				SWIFT_OPTIMIZATION_LEVEL = "-Onone";
				TARGETED_DEVICE_FAMILY = "1,2";
			};
			name = Debug;
		};
		1BECA0B41A997AE000F5654B /* Release */ = {
			isa = XCBuildConfiguration;
			buildSettings = {
				ALWAYS_SEARCH_USER_PATHS = NO;
				CLANG_CXX_LANGUAGE_STANDARD = "gnu++0x";
				CLANG_CXX_LIBRARY = "libc++";
				CLANG_ENABLE_MODULES = YES;
				CLANG_ENABLE_OBJC_ARC = YES;
				CLANG_WARN_BOOL_CONVERSION = YES;
				CLANG_WARN_CONSTANT_CONVERSION = YES;
				CLANG_WARN_DIRECT_OBJC_ISA_USAGE = YES_ERROR;
				CLANG_WARN_EMPTY_BODY = YES;
				CLANG_WARN_ENUM_CONVERSION = YES;
				CLANG_WARN_INT_CONVERSION = YES;
				CLANG_WARN_OBJC_ROOT_CLASS = YES_ERROR;
				CLANG_WARN_UNREACHABLE_CODE = YES;
				CLANG_WARN__DUPLICATE_METHOD_MATCH = YES;
				"CODE_SIGN_IDENTITY[sdk=iphoneos*]" = "iPhone Developer";
				COPY_PHASE_STRIP = YES;
				ENABLE_NS_ASSERTIONS = NO;
				ENABLE_STRICT_OBJC_MSGSEND = YES;
				GCC_C_LANGUAGE_STANDARD = gnu99;
				GCC_WARN_64_TO_32_BIT_CONVERSION = YES;
				GCC_WARN_ABOUT_RETURN_TYPE = YES_ERROR;
				GCC_WARN_UNDECLARED_SELECTOR = YES;
				GCC_WARN_UNINITIALIZED_AUTOS = YES_AGGRESSIVE;
				GCC_WARN_UNUSED_FUNCTION = YES;
				GCC_WARN_UNUSED_VARIABLE = YES;
				IPHONEOS_DEPLOYMENT_TARGET = 8.1;
				MTL_ENABLE_DEBUG_INFO = NO;
				SDKROOT = iphoneos;
				TARGETED_DEVICE_FAMILY = "1,2";
				VALIDATE_PRODUCT = YES;
			};
			name = Release;
		};
		1BECA0B61A997AE000F5654B /* Debug */ = {
			isa = XCBuildConfiguration;
			buildSettings = {
				ASSETCATALOG_COMPILER_APPICON_NAME = AppIcon;
				INFOPLIST_FILE = ShoeConverter/Info.plist;
				LD_RUNPATH_SEARCH_PATHS = "$(inherited) @executable_path/Frameworks";
				PRODUCT_NAME = "$(TARGET_NAME)";
			};
			name = Debug;
		};
		1BECA0B71A997AE000F5654B /* Release */ = {
			isa = XCBuildConfiguration;
			buildSettings = {
				ASSETCATALOG_COMPILER_APPICON_NAME = AppIcon;
				INFOPLIST_FILE = ShoeConverter/Info.plist;
				LD_RUNPATH_SEARCH_PATHS = "$(inherited) @executable_path/Frameworks";
				PRODUCT_NAME = "$(TARGET_NAME)";
			};
			name = Release;
		};
		1BECA0B91A997AE000F5654B /* Debug */ = {
			isa = XCBuildConfiguration;
			buildSettings = {
				BUNDLE_LOADER = "$(TEST_HOST)";
				FRAMEWORK_SEARCH_PATHS = (
					"$(SDKROOT)/Developer/Library/Frameworks",
					"$(inherited)",
				);
				GCC_PREPROCESSOR_DEFINITIONS = (
					"DEBUG=1",
					"$(inherited)",
				);
				INFOPLIST_FILE = ShoeConverterTests/Info.plist;
				LD_RUNPATH_SEARCH_PATHS = "$(inherited) @executable_path/Frameworks @loader_path/Frameworks";
				PRODUCT_NAME = "$(TARGET_NAME)";
				TEST_HOST = "$(BUILT_PRODUCTS_DIR)/ShoeConverter.app/ShoeConverter";
			};
			name = Debug;
		};
		1BECA0BA1A997AE000F5654B /* Release */ = {
			isa = XCBuildConfiguration;
			buildSettings = {
				BUNDLE_LOADER = "$(TEST_HOST)";
				FRAMEWORK_SEARCH_PATHS = (
					"$(SDKROOT)/Developer/Library/Frameworks",
					"$(inherited)",
				);
				INFOPLIST_FILE = ShoeConverterTests/Info.plist;
				LD_RUNPATH_SEARCH_PATHS = "$(inherited) @executable_path/Frameworks @loader_path/Frameworks";
				PRODUCT_NAME = "$(TARGET_NAME)";
				TEST_HOST = "$(BUILT_PRODUCTS_DIR)/ShoeConverter.app/ShoeConverter";
			};
			name = Release;
		};
/* End XCBuildConfiguration section */

/* Begin XCConfigurationList section */
		1BECA0911A997AE000F5654B /* Build configuration list for PBXProject "ShoeConverter" */ = {
			isa = XCConfigurationList;
			buildConfigurations = (
				1BECA0B31A997AE000F5654B /* Debug */,
				1BECA0B41A997AE000F5654B /* Release */,
			);
			defaultConfigurationIsVisible = 0;
			defaultConfigurationName = Release;
		};
		1BECA0B51A997AE000F5654B /* Build configuration list for PBXNativeTarget "ShoeConverter" */ = {
			isa = XCConfigurationList;
			buildConfigurations = (
				1BECA0B61A997AE000F5654B /* Debug */,
				1BECA0B71A997AE000F5654B /* Release */,
			);
			defaultConfigurationIsVisible = 0;
		};
		1BECA0B81A997AE000F5654B /* Build configuration list for PBXNativeTarget "ShoeConverterTests" */ = {
			isa = XCConfigurationList;
			buildConfigurations = (
				1BECA0B91A997AE000F5654B /* Debug */,
				1BECA0BA1A997AE000F5654B /* Release */,
			);
			defaultConfigurationIsVisible = 0;
		};
/* End XCConfigurationList section */
	};
	rootObject = 1BECA08E1A997AE000F5654B /* Project object */;
}
